{
    "version": 3,
    "terraform_version": "0.8.7",
    "serial": 124,
    "lineage": "c2870c54-151f-4aef-986b-1dd12731b344",
    "modules": [
        {
            "path": [
                "root"
            ],
            "outputs": {},
            "resources": {
                "aws_instance.terraform": {
                    "type": "aws_instance",
                    "depends_on": [],
                    "primary": {
                        "id": "i-00b1354c098b7a89d",
                        "attributes": {
                            "ami": "ami-c9bd2dde",
                            "associate_public_ip_address": "true",
                            "availability_zone": "us-east-1b",
                            "disable_api_termination": "false",
                            "ebs_block_device.#": "0",
                            "ebs_optimized": "false",
                            "ephemeral_block_device.#": "0",
                            "iam_instance_profile": "",
                            "id": "i-00b1354c098b7a89d",
                            "instance_state": "running",
                            "instance_type": "t2.medium",
                            "key_name": "aig_girdhar",
                            "monitoring": "false",
                            "network_interface_id": "eni-452ef9b0",
                            "private_dns": "ip-172-31-57-190.ec2.internal",
                            "private_ip": "172.31.57.190",
                            "public_dns": "ec2-52-91-16-187.compute-1.amazonaws.com",
                            "public_ip": "52.91.16.187",
                            "root_block_device.#": "1",
                            "root_block_device.0.delete_on_termination": "true",
                            "root_block_device.0.iops": "0",
                            "root_block_device.0.volume_size": "80",
                            "root_block_device.0.volume_type": "standard",
                            "security_groups.#": "0",
                            "source_dest_check": "true",
                            "subnet_id": "subnet-c343afee",
                            "tags.%": "0",
                            "tenancy": "default",
                            "vpc_security_group_ids.#": "1",
                            "vpc_security_group_ids.2450051841": "sg-ec089196"
                        },
                        "meta": {
                            "schema_version": "1"
                        },
                        "tainted": true
                    },
                    "deposed": [],
                    "provider": ""
                }
            },
            "depends_on": []
        }
    ]
}
